
Microsoft Visual Studio Solution File, Format Version 12.00
# Visual Studio 15
VisualStudioVersion = 15.0.28307.168
MinimumVisualStudioVersion = 10.0.40219.1
Project("{FAE04EC0-301F-11D3-BF4B-00C04F79EFBC}") = "Blue", "Blue\Blue.csproj", "{17858E33-4BD5-4AEA-8BC4-CB0998AFA585}"
EndProject
Project("{9A19103F-16F7-4668-BE54-9A1E7A4F7556}") = "Green", "Green\Green.csproj", "{6EF64882-FFE7-4F7C-AE46-D6A8D5510F5C}"
EndProject
Global
	GlobalSection(SolutionConfigurationPlatforms) = preSolution
		Debug|Any CPU = Debug|Any CPU
		Release|Any CPU = Release|Any CPU
	EndGlobalSection
	GlobalSection(ProjectConfigurationPlatforms) = postSolution
		{17858E33-4BD5-4AEA-8BC4-CB0998AFA585}.Debug|Any CPU.ActiveCfg = Debug|Any CPU
		{17858E33-4BD5-4AEA-8BC4-CB0998AFA585}.Debug|Any CPU.Build.0 = Debug|Any CPU
		{17858E33-4BD5-4AEA-8BC4-CB0998AFA585}.Release|Any CPU.ActiveCfg = Release|Any CPU
		{17858E33-4BD5-4AEA-8BC4-CB0998AFA585}.Release|Any CPU.Build.0 = Release|Any CPU
		{6EF64882-FFE7-4F7C-AE46-D6A8D5510F5C}.Debug|Any CPU.ActiveCfg = Debug|Any CPU
		{6EF64882-FFE7-4F7C-AE46-D6A8D5510F5C}.Debug|Any CPU.Build.0 = Debug|Any CPU
		{6EF64882-FFE7-4F7C-AE46-D6A8D5510F5C}.Release|Any CPU.ActiveCfg = Release|Any CPU
		{6EF64882-FFE7-4F7C-AE46-D6A8D5510F5C}.Release|Any CPU.Build.0 = Release|Any CPU
	EndGlobalSection
	GlobalSection(SolutionProperties) = preSolution
		HideSolutionNode = FALSE
	EndGlobalSection
	GlobalSection(ExtensibilityGlobals) = postSolution
		SolutionGuid = {346F3829-0A14-49F0-994A-9D75A8D94B84}
	EndGlobalSection
EndGlobal
